
Microsoft Visual Studio Solution File, Format Version 12.00
# Visual Studio Version 17
VisualStudioVersion = 17.8.34525.116
MinimumVisualStudioVersion = 10.0.40219.1
Project("{9A19103F-16F7-4668-BE54-9A1E7A4F7556}") = "VentaEntradas.Domain", "VentaEntradas.Domain\VentaEntradas.Domain.csproj", "{1C96D503-39CE-49D4-9FEE-CB8F9128B799}"
EndProject
Project("{9A19103F-16F7-4668-BE54-9A1E7A4F7556}") = "VentaEntradas.Infraestructure", "VentaEntradas.Infraestructure\VentaEntradas.Infraestructure.csproj", "{A83174D7-E96D-4674-AB33-E1E917613B09}"
EndProject
Project("{FAE04EC0-301F-11D3-BF4B-00C04F79EFBC}") = "VentaEntradas.Application", "VentaEntradas.Application\VentaEntradas.Application.csproj", "{B8B366C2-F747-4CEF-8937-B67AB636518B}"
EndProject
Project("{FAE04EC0-301F-11D3-BF4B-00C04F79EFBC}") = "VentaEntradas.HttpApi", "VentaEntradas.HttpApi\VentaEntradas.HttpApi.csproj", "{0E106AEC-864C-4277-B7D1-BC16A8EAC51F}"
EndProject
Global
	GlobalSection(SolutionConfigurationPlatforms) = preSolution
		Debug|Any CPU = Debug|Any CPU
		Release|Any CPU = Release|Any CPU
	EndGlobalSection
	GlobalSection(ProjectConfigurationPlatforms) = postSolution
		{1C96D503-39CE-49D4-9FEE-CB8F9128B799}.Debug|Any CPU.ActiveCfg = Debug|Any CPU
		{1C96D503-39CE-49D4-9FEE-CB8F9128B799}.Debug|Any CPU.Build.0 = Debug|Any CPU
		{1C96D503-39CE-49D4-9FEE-CB8F9128B799}.Release|Any CPU.ActiveCfg = Release|Any CPU
		{1C96D503-39CE-49D4-9FEE-CB8F9128B799}.Release|Any CPU.Build.0 = Release|Any CPU
		{A83174D7-E96D-4674-AB33-E1E917613B09}.Debug|Any CPU.ActiveCfg = Debug|Any CPU
		{A83174D7-E96D-4674-AB33-E1E917613B09}.Debug|Any CPU.Build.0 = Debug|Any CPU
		{A83174D7-E96D-4674-AB33-E1E917613B09}.Release|Any CPU.ActiveCfg = Release|Any CPU
		{A83174D7-E96D-4674-AB33-E1E917613B09}.Release|Any CPU.Build.0 = Release|Any CPU
		{B8B366C2-F747-4CEF-8937-B67AB636518B}.Debug|Any CPU.ActiveCfg = Debug|Any CPU
		{B8B366C2-F747-4CEF-8937-B67AB636518B}.Debug|Any CPU.Build.0 = Debug|Any CPU
		{B8B366C2-F747-4CEF-8937-B67AB636518B}.Release|Any CPU.ActiveCfg = Release|Any CPU
		{B8B366C2-F747-4CEF-8937-B67AB636518B}.Release|Any CPU.Build.0 = Release|Any CPU
		{0E106AEC-864C-4277-B7D1-BC16A8EAC51F}.Debug|Any CPU.ActiveCfg = Debug|Any CPU
		{0E106AEC-864C-4277-B7D1-BC16A8EAC51F}.Debug|Any CPU.Build.0 = Debug|Any CPU
		{0E106AEC-864C-4277-B7D1-BC16A8EAC51F}.Release|Any CPU.ActiveCfg = Release|Any CPU
		{0E106AEC-864C-4277-B7D1-BC16A8EAC51F}.Release|Any CPU.Build.0 = Release|Any CPU
	EndGlobalSection
	GlobalSection(SolutionProperties) = preSolution
		HideSolutionNode = FALSE
	EndGlobalSection
	GlobalSection(ExtensibilityGlobals) = postSolution
		SolutionGuid = {11F9C9C0-A8F2-47A9-8FA7-ECC6448EDDAA}
	EndGlobalSection
EndGlobal
